
Microsoft Visual Studio Solution File, Format Version 9.00
# Visual Studio 2005
Project("{FAE04EC0-301F-11D3-BF4B-00C04F79EFBC}") = "Owf.Controls.OutlookPanelEx", "Owf.Controls.OutlookPanelEx\Owf.Controls.OutlookPanelEx.csproj", "{ABA37EE6-E561-47D0-A052-128999DDEAC9}"
EndProject
Project("{FAE04EC0-301F-11D3-BF4B-00C04F79EFBC}") = "Tester", "Tester\Tester.csproj", "{ADBB6A1A-61BE-4AC3-9AA1-A14C8FE0265E}"
EndProject
Global
	GlobalSection(SolutionConfigurationPlatforms) = preSolution
		Debug|Any CPU = Debug|Any CPU
		Release|Any CPU = Release|Any CPU
	EndGlobalSection
	GlobalSection(ProjectConfigurationPlatforms) = postSolution
		{ABA37EE6-E561-47D0-A052-128999DDEAC9}.Debug|Any CPU.ActiveCfg = Debug|Any CPU
		{ABA37EE6-E561-47D0-A052-128999DDEAC9}.Debug|Any CPU.Build.0 = Debug|Any CPU
		{ABA37EE6-E561-47D0-A052-128999DDEAC9}.Release|Any CPU.ActiveCfg = Release|Any CPU
		{ABA37EE6-E561-47D0-A052-128999DDEAC9}.Release|Any CPU.Build.0 = Release|Any CPU
		{ADBB6A1A-61BE-4AC3-9AA1-A14C8FE0265E}.Debug|Any CPU.ActiveCfg = Debug|Any CPU
		{ADBB6A1A-61BE-4AC3-9AA1-A14C8FE0265E}.Debug|Any CPU.Build.0 = Debug|Any CPU
		{ADBB6A1A-61BE-4AC3-9AA1-A14C8FE0265E}.Release|Any CPU.ActiveCfg = Release|Any CPU
		{ADBB6A1A-61BE-4AC3-9AA1-A14C8FE0265E}.Release|Any CPU.Build.0 = Release|Any CPU
	EndGlobalSection
	GlobalSection(SolutionProperties) = preSolution
		HideSolutionNode = FALSE
	EndGlobalSection
EndGlobal
